
Microsoft Visual Studio Solution File, Format Version 12.00
# Visual Studio Version 16
VisualStudioVersion = 16.0.33927.289
MinimumVisualStudioVersion = 10.0.40219.1
Project("{FAE04EC0-301F-11D3-BF4B-00C04F79EFBC}") = "PO_ASSIGNMENT", "PO_ASSIGNMENT.csproj", "{124E50B6-92DD-4FAD-96A3-761401C4A32B}"
EndProject
Global
	GlobalSection(SolutionConfigurationPlatforms) = preSolution
		Debug|Any CPU = Debug|Any CPU
		Release|Any CPU = Release|Any CPU
	EndGlobalSection
	GlobalSection(ProjectConfigurationPlatforms) = postSolution
		{124E50B6-92DD-4FAD-96A3-761401C4A32B}.Debug|Any CPU.ActiveCfg = Debug|Any CPU
		{124E50B6-92DD-4FAD-96A3-761401C4A32B}.Debug|Any CPU.Build.0 = Debug|Any CPU
		{124E50B6-92DD-4FAD-96A3-761401C4A32B}.Release|Any CPU.ActiveCfg = Release|Any CPU
		{124E50B6-92DD-4FAD-96A3-761401C4A32B}.Release|Any CPU.Build.0 = Release|Any CPU
	EndGlobalSection
	GlobalSection(SolutionProperties) = preSolution
		HideSolutionNode = FALSE
	EndGlobalSection
	GlobalSection(ExtensibilityGlobals) = postSolution
		SolutionGuid = {67B620B3-A853-488B-953B-97E04A48F235}
	EndGlobalSection
EndGlobal
